// !$*UTF8*$!
{
	archiveVersion = 1;
	classes = {
	};
	objectVersion = 56;
	objects = {

/* Begin PBXBuildFile section */
		1A9F8A762AAF56510069AE44 /* watch-test Watch App.app in Embed Watch Content */ = {isa = PBXBuildFile; fileRef = 1A9F8A752AAF56510069AE44 /* watch-test Watch App.app */; settings = {ATTRIBUTES = (RemoveHeadersOnCopy, ); }; };
		1A9F8A7B2AAF56510069AE44 /* watch_testApp.swift in Sources */ = {isa = PBXBuildFile; fileRef = 1A9F8A7A2AAF56510069AE44 /* watch_testApp.swift */; };
		1A9F8A7D2AAF56510069AE44 /* ContentView.swift in Sources */ = {isa = PBXBuildFile; fileRef = 1A9F8A7C2AAF56510069AE44 /* ContentView.swift */; };
		1A9F8A7F2AAF56510069AE44 /* Assets.xcassets in Resources */ = {isa = PBXBuildFile; fileRef = 1A9F8A7E2AAF56510069AE44 /* Assets.xcassets */; };
		1A9F8A822AAF56510069AE44 /* Preview Assets.xcassets in Resources */ = {isa = PBXBuildFile; fileRef = 1A9F8A812AAF56510069AE44 /* Preview Assets.xcassets */; };
/* End PBXBuildFile section */

/* Begin PBXContainerItemProxy section */
		1A9F8A772AAF56510069AE44 /* PBXContainerItemProxy */ = {
			isa = PBXContainerItemProxy;
			containerPortal = 1A9F8A692AAF56510069AE44 /* Project object */;
			proxyType = 1;
			remoteGlobalIDString = 1A9F8A742AAF56510069AE44;
			remoteInfo = "watch-test Watch App";
		};
/* End PBXContainerItemProxy section */

/* Begin PBXCopyFilesBuildPhase section */
		1A9F8A882AAF56510069AE44 /* Embed Watch Content */ = {
			isa = PBXCopyFilesBuildPhase;
			buildActionMask = 2147483647;
			dstPath = "$(CONTENTS_FOLDER_PATH)/Watch";
			dstSubfolderSpec = 16;
			files = (
				1A9F8A762AAF56510069AE44 /* watch-test Watch App.app in Embed Watch Content */,
			);
			name = "Embed Watch Content";
			runOnlyForDeploymentPostprocessing = 0;
		};
/* End PBXCopyFilesBuildPhase section */

/* Begin PBXFileReference section */
		1A9F8A6F2AAF56510069AE44 /* watch-test.app */ = {isa = PBXFileReference; explicitFileType = wrapper.application; includeInIndex = 0; path = "watch-test.app"; sourceTree = BUILT_PRODUCTS_DIR; };
		1A9F8A752AAF56510069AE44 /* watch-test Watch App.app */ = {isa = PBXFileReference; explicitFileType = wrapper.application; includeInIndex = 0; path = "watch-test Watch App.app"; sourceTree = BUILT_PRODUCTS_DIR; };
		1A9F8A7A2AAF56510069AE44 /* watch_testApp.swift */ = {isa = PBXFileReference; lastKnownFileType = sourcecode.swift; path = watch_testApp.swift; sourceTree = "<group>"; };
		1A9F8A7C2AAF56510069AE44 /* ContentView.swift */ = {isa = PBXFileReference; lastKnownFileType = sourcecode.swift; path = ContentView.swift; sourceTree = "<group>"; };
		1A9F8A7E2AAF56510069AE44 /* Assets.xcassets */ = {isa = PBXFileReference; lastKnownFileType = folder.assetcatalog; path = Assets.xcassets; sourceTree = "<group>"; };
		1A9F8A812AAF56510069AE44 /* Preview Assets.xcassets */ = {isa = PBXFileReference; lastKnownFileType = folder.assetcatalog; path = "Preview Assets.xcassets"; sourceTree = "<group>"; };
/* End PBXFileReference section */

/* Begin PBXFrameworksBuildPhase section */
		1A9F8A722AAF56510069AE44 /* Frameworks */ = {
			isa = PBXFrameworksBuildPhase;
			buildActionMask = 2147483647;
			files = (
			);
			runOnlyForDeploymentPostprocessing = 0;
		};
/* End PBXFrameworksBuildPhase section */

/* Begin PBXGroup section */
		1A9F8A682AAF56510069AE44 = {
			isa = PBXGroup;
			children = (
				1A9F8A792AAF56510069AE44 /* watch-test Watch App */,
				1A9F8A702AAF56510069AE44 /* Products */,
			);
			sourceTree = "<group>";
		};
		1A9F8A702AAF56510069AE44 /* Products */ = {
			isa = PBXGroup;
			children = (
				1A9F8A6F2AAF56510069AE44 /* watch-test.app */,
				1A9F8A752AAF56510069AE44 /* watch-test Watch App.app */,
			);
			name = Products;
			sourceTree = "<group>";
		};
		1A9F8A792AAF56510069AE44 /* watch-test Watch App */ = {
			isa = PBXGroup;
			children = (
				1A9F8A7A2AAF56510069AE44 /* watch_testApp.swift */,
				1A9F8A7C2AAF56510069AE44 /* ContentView.swift */,
				1A9F8A7E2AAF56510069AE44 /* Assets.xcassets */,
				1A9F8A802AAF56510069AE44 /* Preview Content */,
			);
			path = "watch-test Watch App";
			sourceTree = "<group>";
		};
		1A9F8A802AAF56510069AE44 /* Preview Content */ = {
			isa = PBXGroup;
			children = (
				1A9F8A812AAF56510069AE44 /* Preview Assets.xcassets */,
			);
			path = "Preview Content";
			sourceTree = "<group>";
		};
/* End PBXGroup section */

/* Begin PBXNativeTarget section */
		1A9F8A6E2AAF56510069AE44 /* watch-test */ = {
			isa = PBXNativeTarget;
			buildConfigurationList = 1A9F8A892AAF56510069AE44 /* Build configuration list for PBXNativeTarget "watch-test" */;
			buildPhases = (
				1A9F8A6D2AAF56510069AE44 /* Resources */,
				1A9F8A882AAF56510069AE44 /* Embed Watch Content */,
			);
			buildRules = (
			);
			dependencies = (
				1A9F8A782AAF56510069AE44 /* PBXTargetDependency */,
			);
			name = "watch-test";
			productName = "watch-test";
			productReference = 1A9F8A6F2AAF56510069AE44 /* watch-test.app */;
			productType = "com.apple.product-type.application.watchapp2-container";
		};
		1A9F8A742AAF56510069AE44 /* watch-test Watch App */ = {
			isa = PBXNativeTarget;
			buildConfigurationList = 1A9F8A852AAF56510069AE44 /* Build configuration list for PBXNativeTarget "watch-test Watch App" */;
			buildPhases = (
				1A9F8A712AAF56510069AE44 /* Sources */,
				1A9F8A722AAF56510069AE44 /* Frameworks */,
				1A9F8A732AAF56510069AE44 /* Resources */,
			);
			buildRules = (
			);
			dependencies = (
			);
			name = "watch-test Watch App";
			productName = "watch-test Watch App";
			productReference = 1A9F8A752AAF56510069AE44 /* watch-test Watch App.app */;
			productType = "com.apple.product-type.application";
		};
/* End PBXNativeTarget section */

/* Begin PBXProject section */
		1A9F8A692AAF56510069AE44 /* Project object */ = {
			isa = PBXProject;
			attributes = {
				BuildIndependentTargetsInParallel = 1;
				LastSwiftUpdateCheck = 1420;
				LastUpgradeCheck = 1420;
				TargetAttributes = {
					1A9F8A6E2AAF56510069AE44 = {
						CreatedOnToolsVersion = 14.2;
					};
					1A9F8A742AAF56510069AE44 = {
						CreatedOnToolsVersion = 14.2;
					};
				};
			};
			buildConfigurationList = 1A9F8A6C2AAF56510069AE44 /* Build configuration list for PBXProject "watch-test" */;
			compatibilityVersion = "Xcode 14.0";
			developmentRegion = en;
			hasScannedForEncodings = 0;
			knownRegions = (
				en,
				Base,
			);
			mainGroup = 1A9F8A682AAF56510069AE44;
			productRefGroup = 1A9F8A702AAF56510069AE44 /* Products */;
			projectDirPath = "";
			projectRoot = "";
			targets = (
				1A9F8A6E2AAF56510069AE44 /* watch-test */,
				1A9F8A742AAF56510069AE44 /* watch-test Watch App */,
			);
		};
/* End PBXProject section */

/* Begin PBXResourcesBuildPhase section */
		1A9F8A6D2AAF56510069AE44 /* Resources */ = {
			isa = PBXResourcesBuildPhase;
			buildActionMask = 2147483647;
			files = (
			);
			runOnlyForDeploymentPostprocessing = 0;
		};
		1A9F8A732AAF56510069AE44 /* Resources */ = {
			isa = PBXResourcesBuildPhase;
			buildActionMask = 2147483647;
			files = (
				1A9F8A822AAF56510069AE44 /* Preview Assets.xcassets in Resources */,
				1A9F8A7F2AAF56510069AE44 /* Assets.xcassets in Resources */,
			);
			runOnlyForDeploymentPostprocessing = 0;
		};
/* End PBXResourcesBuildPhase section */

/* Begin PBXSourcesBuildPhase section */
		1A9F8A712AAF56510069AE44 /* Sources */ = {
			isa = PBXSourcesBuildPhase;
			buildActionMask = 2147483647;
			files = (
				1A9F8A7D2AAF56510069AE44 /* ContentView.swift in Sources */,
				1A9F8A7B2AAF56510069AE44 /* watch_testApp.swift in Sources */,
			);
			runOnlyForDeploymentPostprocessing = 0;
		};
/* End PBXSourcesBuildPhase section */

/* Begin PBXTargetDependency section */
		1A9F8A782AAF56510069AE44 /* PBXTargetDependency */ = {
			isa = PBXTargetDependency;
			target = 1A9F8A742AAF56510069AE44 /* watch-test Watch App */;
			targetProxy = 1A9F8A772AAF56510069AE44 /* PBXContainerItemProxy */;
		};
/* End PBXTargetDependency section */

/* Begin XCBuildConfiguration section */
		1A9F8A832AAF56510069AE44 /* Debug */ = {
			isa = XCBuildConfiguration;
			buildSettings = {
				ALWAYS_SEARCH_USER_PATHS = NO;
				CLANG_ANALYZER_NONNULL = YES;
				CLANG_ANALYZER_NUMBER_OBJECT_CONVERSION = YES_AGGRESSIVE;
				CLANG_CXX_LANGUAGE_STANDARD = "gnu++20";
				CLANG_ENABLE_MODULES = YES;
				CLANG_ENABLE_OBJC_ARC = YES;
				CLANG_ENABLE_OBJC_WEAK = YES;
				CLANG_WARN_BLOCK_CAPTURE_AUTORELEASING = YES;
				CLANG_WARN_BOOL_CONVERSION = YES;
				CLANG_WARN_COMMA = YES;
				CLANG_WARN_CONSTANT_CONVERSION = YES;
				CLANG_WARN_DEPRECATED_OBJC_IMPLEMENTATIONS = YES;
				CLANG_WARN_DIRECT_OBJC_ISA_USAGE = YES_ERROR;
				CLANG_WARN_DOCUMENTATION_COMMENTS = YES;
				CLANG_WARN_EMPTY_BODY = YES;
				CLANG_WARN_ENUM_CONVERSION = YES;
				CLANG_WARN_INFINITE_RECURSION = YES;
				CLANG_WARN_INT_CONVERSION = YES;
				CLANG_WARN_NON_LITERAL_NULL_CONVERSION = YES;
				CLANG_WARN_OBJC_IMPLICIT_RETAIN_SELF = YES;
				CLANG_WARN_OBJC_LITERAL_CONVERSION = YES;
				CLANG_WARN_OBJC_ROOT_CLASS = YES_ERROR;
				CLANG_WARN_QUOTED_INCLUDE_IN_FRAMEWORK_HEADER = YES;
				CLANG_WARN_RANGE_LOOP_ANALYSIS = YES;
				CLANG_WARN_STRICT_PROTOTYPES = YES;
				CLANG_WARN_SUSPICIOUS_MOVE = YES;
				CLANG_WARN_UNGUARDED_AVAILABILITY = YES_AGGRESSIVE;
				CLANG_WARN_UNREACHABLE_CODE = YES;
				CLANG_WARN__DUPLICATE_METHOD_MATCH = YES;
				COPY_PHASE_STRIP = NO;
				DEBUG_INFORMATION_FORMAT = dwarf;
				ENABLE_STRICT_OBJC_MSGSEND = YES;
				ENABLE_TESTABILITY = YES;
				GCC_C_LANGUAGE_STANDARD = gnu11;
				GCC_DYNAMIC_NO_PIC = NO;
				GCC_NO_COMMON_BLOCKS = YES;
				GCC_OPTIMIZATION_LEVEL = 0;
				GCC_PREPROCESSOR_DEFINITIONS = (
					"DEBUG=1",
					"$(inherited)",
				);
				GCC_WARN_64_TO_32_BIT_CONVERSION = YES;
				GCC_WARN_ABOUT_RETURN_TYPE = YES_ERROR;
				GCC_WARN_UNDECLARED_SELECTOR = YES;
				GCC_WARN_UNINITIALIZED_AUTOS = YES_AGGRESSIVE;
				GCC_WARN_UNUSED_FUNCTION = YES;
				GCC_WARN_UNUSED_VARIABLE = YES;
				MTL_ENABLE_DEBUG_INFO = INCLUDE_SOURCE;
				MTL_FAST_MATH = YES;
				ONLY_ACTIVE_ARCH = YES;
				SWIFT_ACTIVE_COMPILATION_CONDITIONS = DEBUG;
				SWIFT_OPTIMIZATION_LEVEL = "-Onone";
			};
			name = Debug;
		};
		1A9F8A842AAF56510069AE44 /* Release */ = {
			isa = XCBuildConfiguration;
			buildSettings = {
				ALWAYS_SEARCH_USER_PATHS = NO;
				CLANG_ANALYZER_NONNULL = YES;
				CLANG_ANALYZER_NUMBER_OBJECT_CONVERSION = YES_AGGRESSIVE;
				CLANG_CXX_LANGUAGE_STANDARD = "gnu++20";
				CLANG_ENABLE_MODULES = YES;
				CLANG_ENABLE_OBJC_ARC = YES;
				CLANG_ENABLE_OBJC_WEAK = YES;
				CLANG_WARN_BLOCK_CAPTURE_AUTORELEASING = YES;
				CLANG_WARN_BOOL_CONVERSION = YES;
				CLANG_WARN_COMMA = YES;
				CLANG_WARN_CONSTANT_CONVERSION = YES;
				CLANG_WARN_DEPRECATED_OBJC_IMPLEMENTATIONS = YES;
				CLANG_WARN_DIRECT_OBJC_ISA_USAGE = YES_ERROR;
				CLANG_WARN_DOCUMENTATION_COMMENTS = YES;
				CLANG_WARN_EMPTY_BODY = YES;
				CLANG_WARN_ENUM_CONVERSION = YES;
				CLANG_WARN_INFINITE_RECURSION = YES;
				CLANG_WARN_INT_CONVERSION = YES;
				CLANG_WARN_NON_LITERAL_NULL_CONVERSION = YES;
				CLANG_WARN_OBJC_IMPLICIT_RETAIN_SELF = YES;
				CLANG_WARN_OBJC_LITERAL_CONVERSION = YES;
				CLANG_WARN_OBJC_ROOT_CLASS = YES_ERROR;
				CLANG_WARN_QUOTED_INCLUDE_IN_FRAMEWORK_HEADER = YES;
				CLANG_WARN_RANGE_LOOP_ANALYSIS = YES;
				CLANG_WARN_STRICT_PROTOTYPES = YES;
				CLANG_WARN_SUSPICIOUS_MOVE = YES;
				CLANG_WARN_UNGUARDED_AVAILABILITY = YES_AGGRESSIVE;
				CLANG_WARN_UNREACHABLE_CODE = YES;
				CLANG_WARN__DUPLICATE_METHOD_MATCH = YES;
				COPY_PHASE_STRIP = NO;
				DEBUG_INFORMATION_FORMAT = "dwarf-with-dsym";
				ENABLE_NS_ASSERTIONS = NO;
				ENABLE_STRICT_OBJC_MSGSEND = YES;
				GCC_C_LANGUAGE_STANDARD = gnu11;
				GCC_NO_COMMON_BLOCKS = YES;
				GCC_WARN_64_TO_32_BIT_CONVERSION = YES;
				GCC_WARN_ABOUT_RETURN_TYPE = YES_ERROR;
				GCC_WARN_UNDECLARED_SELECTOR = YES;
				GCC_WARN_UNINITIALIZED_AUTOS = YES_AGGRESSIVE;
				GCC_WARN_UNUSED_FUNCTION = YES;
				GCC_WARN_UNUSED_VARIABLE = YES;
				MTL_ENABLE_DEBUG_INFO = NO;
				MTL_FAST_MATH = YES;
				SWIFT_COMPILATION_MODE = wholemodule;
				SWIFT_OPTIMIZATION_LEVEL = "-O";
			};
			name = Release;
		};
		1A9F8A862AAF56510069AE44 /* Debug */ = {
			isa = XCBuildConfiguration;
			buildSettings = {
				ASSETCATALOG_COMPILER_APPICON_NAME = AppIcon;
				ASSETCATALOG_COMPILER_GLOBAL_ACCENT_COLOR_NAME = AccentColor;
				CODE_SIGN_STYLE = Automatic;
				CURRENT_PROJECT_VERSION = 1;
				DEVELOPMENT_ASSET_PATHS = "\"watch-test Watch App/Preview Content\"";
				DEVELOPMENT_TEAM = 86NM3PVQS5;
				ENABLE_PREVIEWS = YES;
				GENERATE_INFOPLIST_FILE = YES;
				INFOPLIST_KEY_CFBundleDisplayName = "watch-test";
				INFOPLIST_KEY_UISupportedInterfaceOrientations = "UIInterfaceOrientationPortrait UIInterfaceOrientationPortraitUpsideDown";
				INFOPLIST_KEY_WKWatchOnly = YES;
				LD_RUNPATH_SEARCH_PATHS = (
					"$(inherited)",
					"@executable_path/Frameworks",
				);
				MARKETING_VERSION = 1.0;
				PRODUCT_BUNDLE_IDENTIFIER = "bunnit.watch-test.watchkitapp";
				PRODUCT_NAME = "$(TARGET_NAME)";
				SDKROOT = watchos;
				SKIP_INSTALL = YES;
				SWIFT_EMIT_LOC_STRINGS = YES;
				SWIFT_VERSION = 5.0;
				TARGETED_DEVICE_FAMILY = 4;
				WATCHOS_DEPLOYMENT_TARGET = 9.1;
			};
			name = Debug;
		};
		1A9F8A872AAF56510069AE44 /* Release */ = {
			isa = XCBuildConfiguration;
			buildSettings = {
				ASSETCATALOG_COMPILER_APPICON_NAME = AppIcon;
				ASSETCATALOG_COMPILER_GLOBAL_ACCENT_COLOR_NAME = AccentColor;
				CODE_SIGN_STYLE = Automatic;
				CURRENT_PROJECT_VERSION = 1;
				DEVELOPMENT_ASSET_PATHS = "\"watch-test Watch App/Preview Content\"";
				DEVELOPMENT_TEAM = 86NM3PVQS5;
				ENABLE_PREVIEWS = YES;
				GENERATE_INFOPLIST_FILE = YES;
				INFOPLIST_KEY_CFBundleDisplayName = "watch-test";
				INFOPLIST_KEY_UISupportedInterfaceOrientations = "UIInterfaceOrientationPortrait UIInterfaceOrientationPortraitUpsideDown";
				INFOPLIST_KEY_WKWatchOnly = YES;
				LD_RUNPATH_SEARCH_PATHS = (
					"$(inherited)",
					"@executable_path/Frameworks",
				);
				MARKETING_VERSION = 1.0;
				PRODUCT_BUNDLE_IDENTIFIER = "bunnit.watch-test.watchkitapp";
				PRODUCT_NAME = "$(TARGET_NAME)";
				SDKROOT = watchos;
				SKIP_INSTALL = YES;
				SWIFT_EMIT_LOC_STRINGS = YES;
				SWIFT_VERSION = 5.0;
				TARGETED_DEVICE_FAMILY = 4;
				VALIDATE_PRODUCT = YES;
				WATCHOS_DEPLOYMENT_TARGET = 9.1;
			};
			name = Release;
		};
		1A9F8A8A2AAF56510069AE44 /* Debug */ = {
			isa = XCBuildConfiguration;
			buildSettings = {
				ALWAYS_EMBED_SWIFT_STANDARD_LIBRARIES = YES;
				CODE_SIGN_STYLE = Automatic;
				CURRENT_PROJECT_VERSION = 1;
				DEVELOPMENT_TEAM = 86NM3PVQS5;
				INFOPLIST_KEY_CFBundleDisplayName = "watch-test";
				MARKETING_VERSION = 1.0;
				PRODUCT_BUNDLE_IDENTIFIER = "bunnit.watch-test";
				PRODUCT_NAME = "$(TARGET_NAME)";
				SDKROOT = iphoneos;
				SWIFT_VERSION = 5.0;
			};
			name = Debug;
		};
		1A9F8A8B2AAF56510069AE44 /* Release */ = {
			isa = XCBuildConfiguration;
			buildSettings = {
				ALWAYS_EMBED_SWIFT_STANDARD_LIBRARIES = YES;
				CODE_SIGN_STYLE = Automatic;
				CURRENT_PROJECT_VERSION = 1;
				DEVELOPMENT_TEAM = 86NM3PVQS5;
				INFOPLIST_KEY_CFBundleDisplayName = "watch-test";
				MARKETING_VERSION = 1.0;
				PRODUCT_BUNDLE_IDENTIFIER = "bunnit.watch-test";
				PRODUCT_NAME = "$(TARGET_NAME)";
				SDKROOT = iphoneos;
				SWIFT_VERSION = 5.0;
				VALIDATE_PRODUCT = YES;
			};
			name = Release;
		};
/* End XCBuildConfiguration section */

/* Begin XCConfigurationList section */
		1A9F8A6C2AAF56510069AE44 /* Build configuration list for PBXProject "watch-test" */ = {
			isa = XCConfigurationList;
			buildConfigurations = (
				1A9F8A832AAF56510069AE44 /* Debug */,
				1A9F8A842AAF56510069AE44 /* Release */,
			);
			defaultConfigurationIsVisible = 0;
			defaultConfigurationName = Release;
		};
		1A9F8A852AAF56510069AE44 /* Build configuration list for PBXNativeTarget "watch-test Watch App" */ = {
			isa = XCConfigurationList;
			buildConfigurations = (
				1A9F8A862AAF56510069AE44 /* Debug */,
				1A9F8A872AAF56510069AE44 /* Release */,
			);
			defaultConfigurationIsVisible = 0;
			defaultConfigurationName = Release;
		};
		1A9F8A892AAF56510069AE44 /* Build configuration list for PBXNativeTarget "watch-test" */ = {
			isa = XCConfigurationList;
			buildConfigurations = (
				1A9F8A8A2AAF56510069AE44 /* Debug */,
				1A9F8A8B2AAF56510069AE44 /* Release */,
			);
			defaultConfigurationIsVisible = 0;
			defaultConfigurationName = Release;
		};
/* End XCConfigurationList section */
	};
	rootObject = 1A9F8A692AAF56510069AE44 /* Project object */;
}
